# This file is automatically @generated by Poetry 1.6.1 and should not be changed by hand.

[[package]]
name = "commented-configparser"
version = "1.0.0"
description = "Custom ConfigParser class that preserves comments in file when writing"
optional = true
python-versions = ">=3.7"
files = [
    {file = "commented-configparser-1.0.0.tar.gz", hash = "sha256:f568158442f0c71e345e736b3adf097f42a2568f03bdb3b31132cb31c1b7e851"},
    {file = "commented_configparser-1.0.0-py3-none-any.whl", hash = "sha256:7c534bcb778feea626c0e38f2a643352ca34c9c0acc6ffb9e29166359d0894ab"},
]

[package.extras]
dev = ["black", "flake8", "flake8-builtins", "flake8-pep585", "mypy", "pre-commit"]
test = ["coverage", "pytest", "pytest-randomly", "tox"]

[[package]]
name = "darkdetect"
version = "0.8.0"
description = "Detect OS Dark Mode from Python"
optional = true
python-versions = ">=3.6"
files = [
    {file = "darkdetect-0.8.0-py3-none-any.whl", hash = "sha256:a7509ccf517eaad92b31c214f593dbcf138ea8a43b2935406bbd565e15527a85"},
    {file = "darkdetect-0.8.0.tar.gz", hash = "sha256:b5428e1170263eb5dea44c25dc3895edd75e6f52300986353cd63533fe7df8b1"},
]

[package.extras]
macos-listener = ["pyobjc-framework-Cocoa"]

[[package]]
name = "importlib-metadata"
version = "6.8.0"
description = "Read metadata from Python packages"
optional = false
python-versions = ">=3.8"
files = [
    {file = "importlib_metadata-6.8.0-py3-none-any.whl", hash = "sha256:3ebb78df84a805d7698245025b975d9d67053cd94c79245ba4b3eb694abe68bb"},
    {file = "importlib_metadata-6.8.0.tar.gz", hash = "sha256:dbace7892d8c0c4ac1ad096662232f831d4e64f4c4545bd53016a3e9d4654743"},
]

[package.dependencies]
zipp = ">=0.5"

[package.extras]
docs = ["furo", "jaraco.packaging (>=9)", "jaraco.tidelift (>=1.4)", "rst.linker (>=1.9)", "sphinx (>=3.5)", "sphinx-lint"]
perf = ["ipython"]
testing = ["flufl.flake8", "importlib-resources (>=1.3)", "packaging", "pyfakefs", "pytest (>=6)", "pytest-black (>=0.3.7)", "pytest-checkdocs (>=2.4)", "pytest-cov", "pytest-enabler (>=2.2)", "pytest-mypy (>=0.9.1)", "pytest-perf (>=0.9.2)", "pytest-ruff"]

[[package]]
name = "numpy"
version = "1.24.4"
description = "Fundamental package for array computing in Python"
optional = true
python-versions = ">=3.8"
files = [
    {file = "numpy-1.24.4-cp310-cp310-macosx_10_9_x86_64.whl", hash = "sha256:c0bfb52d2169d58c1cdb8cc1f16989101639b34c7d3ce60ed70b19c63eba0b64"},
    {file = "numpy-1.24.4-cp310-cp310-macosx_11_0_arm64.whl", hash = "sha256:ed094d4f0c177b1b8e7aa9cba7d6ceed51c0e569a5318ac0ca9a090680a6a1b1"},
    {file = "numpy-1.24.4-cp310-cp310-manylinux_2_17_aarch64.manylinux2014_aarch64.whl", hash = "sha256:79fc682a374c4a8ed08b331bef9c5f582585d1048fa6d80bc6c35bc384eee9b4"},
    {file = "numpy-1.24.4-cp310-cp310-manylinux_2_17_x86_64.manylinux2014_x86_64.whl", hash = "sha256:7ffe43c74893dbf38c2b0a1f5428760a1a9c98285553c89e12d70a96a7f3a4d6"},
    {file = "numpy-1.24.4-cp310-cp310-win32.whl", hash = "sha256:4c21decb6ea94057331e111a5bed9a79d335658c27ce2adb580fb4d54f2ad9bc"},
    {file = "numpy-1.24.4-cp310-cp310-win_amd64.whl", hash = "sha256:b4bea75e47d9586d31e892a7401f76e909712a0fd510f58f5337bea9572c571e"},
    {file = "numpy-1.24.4-cp311-cp311-macosx_10_9_x86_64.whl", hash = "sha256:f136bab9c2cfd8da131132c2cf6cc27331dd6fae65f95f69dcd4ae3c3639c810"},
    {file = "numpy-1.24.4-cp311-cp311-macosx_11_0_arm64.whl", hash = "sha256:e2926dac25b313635e4d6cf4dc4e51c8c0ebfed60b801c799ffc4c32bf3d1254"},
    {file = "numpy-1.24.4-cp311-cp311-manylinux_2_17_aarch64.manylinux2014_aarch64.whl", hash = "sha256:222e40d0e2548690405b0b3c7b21d1169117391c2e82c378467ef9ab4c8f0da7"},
    {file = "numpy-1.24.4-cp311-cp311-manylinux_2_17_x86_64.manylinux2014_x86_64.whl", hash = "sha256:7215847ce88a85ce39baf9e89070cb860c98fdddacbaa6c0da3ffb31b3350bd5"},
    {file = "numpy-1.24.4-cp311-cp311-win32.whl", hash = "sha256:4979217d7de511a8d57f4b4b5b2b965f707768440c17cb70fbf254c4b225238d"},
    {file = "numpy-1.24.4-cp311-cp311-win_amd64.whl", hash = "sha256:b7b1fc9864d7d39e28f41d089bfd6353cb5f27ecd9905348c24187a768c79694"},
    {file = "numpy-1.24.4-cp38-cp38-macosx_10_9_x86_64.whl", hash = "sha256:1452241c290f3e2a312c137a9999cdbf63f78864d63c79039bda65ee86943f61"},
    {file = "numpy-1.24.4-cp38-cp38-macosx_11_0_arm64.whl", hash = "sha256:04640dab83f7c6c85abf9cd729c5b65f1ebd0ccf9de90b270cd61935eef0197f"},
    {file = "numpy-1.24.4-cp38-cp38-manylinux_2_17_aarch64.manylinux2014_aarch64.whl", hash = "sha256:a5425b114831d1e77e4b5d812b69d11d962e104095a5b9c3b641a218abcc050e"},
    {file = "numpy-1.24.4-cp38-cp38-manylinux_2_17_x86_64.manylinux2014_x86_64.whl", hash = "sha256:dd80e219fd4c71fc3699fc1dadac5dcf4fd882bfc6f7ec53d30fa197b8ee22dc"},
    {file = "numpy-1.24.4-cp38-cp38-win32.whl", hash = "sha256:4602244f345453db537be5314d3983dbf5834a9701b7723ec28923e2889e0bb2"},
    {file = "numpy-1.24.4-cp38-cp38-win_amd64.whl", hash = "sha256:692f2e0f55794943c5bfff12b3f56f99af76f902fc47487bdfe97856de51a706"},
    {file = "numpy-1.24.4-cp39-cp39-macosx_10_9_x86_64.whl", hash = "sha256:2541312fbf09977f3b3ad449c4e5f4bb55d0dbf79226d7724211acc905049400"},
    {file = "numpy-1.24.4-cp39-cp39-macosx_11_0_arm64.whl", hash = "sha256:9667575fb6d13c95f1b36aca12c5ee3356bf001b714fc354eb5465ce1609e62f"},
    {file = "numpy-1.24.4-cp39-cp39-manylinux_2_17_aarch64.manylinux2014_aarch64.whl", hash = "sha256:f3a86ed21e4f87050382c7bc96571755193c4c1392490744ac73d660e8f564a9"},
    {file = "numpy-1.24.4-cp39-cp39-manylinux_2_17_x86_64.manylinux2014_x86_64.whl", hash = "sha256:d11efb4dbecbdf22508d55e48d9c8384db795e1b7b51ea735289ff96613ff74d"},
    {file = "numpy-1.24.4-cp39-cp39-win32.whl", hash = "sha256:6620c0acd41dbcb368610bb2f4d83145674040025e5536954782467100aa8835"},
    {file = "numpy-1.24.4-cp39-cp39-win_amd64.whl", hash = "sha256:befe2bf740fd8373cf56149a5c23a0f601e82869598d41f8e188a0e9869926f8"},
    {file = "numpy-1.24.4-pp38-pypy38_pp73-macosx_10_9_x86_64.whl", hash = "sha256:31f13e25b4e304632a4619d0e0777662c2ffea99fcae2029556b17d8ff958aef"},
    {file = "numpy-1.24.4-pp38-pypy38_pp73-manylinux_2_17_x86_64.manylinux2014_x86_64.whl", hash = "sha256:95f7ac6540e95bc440ad77f56e520da5bf877f87dca58bd095288dce8940532a"},
    {file = "numpy-1.24.4-pp38-pypy38_pp73-win_amd64.whl", hash = "sha256:e98f220aa76ca2a977fe435f5b04d7b3470c0a2e6312907b37ba6068f26787f2"},
    {file = "numpy-1.24.4.tar.gz", hash = "sha256:80f5e3a4e498641401868df4208b74581206afbee7cf7b8329daae82676d9463"},
]

[[package]]
name = "packaging"
version = "23.2"
description = "Core utilities for Python packages"
optional = false
python-versions = ">=3.7"
files = [
    {file = "packaging-23.2-py3-none-any.whl", hash = "sha256:8c491190033a9af7e1d931d0b5dacc2ef47509b34dd0de67ed209b5203fc88c7"},
    {file = "packaging-23.2.tar.gz", hash = "sha256:048fb0e9405036518eaaf48a55953c750c11e1a1b68e0dd1a9d62ed0c092cfc5"},
]

[[package]]
name = "pillow"
version = "10.0.1"
description = "Python Imaging Library (Fork)"
optional = false
python-versions = ">=3.8"
files = [
    {file = "Pillow-10.0.1-cp310-cp310-macosx_10_10_x86_64.whl", hash = "sha256:8f06be50669087250f319b706decf69ca71fdecd829091a37cc89398ca4dc17a"},
    {file = "Pillow-10.0.1-cp310-cp310-macosx_11_0_arm64.whl", hash = "sha256:50bd5f1ebafe9362ad622072a1d2f5850ecfa44303531ff14353a4059113b12d"},
    {file = "Pillow-10.0.1-cp310-cp310-manylinux_2_17_aarch64.manylinux2014_aarch64.whl", hash = "sha256:e6a90167bcca1216606223a05e2cf991bb25b14695c518bc65639463d7db722d"},
    {file = "Pillow-10.0.1-cp310-cp310-manylinux_2_17_x86_64.manylinux2014_x86_64.whl", hash = "sha256:f11c9102c56ffb9ca87134bd025a43d2aba3f1155f508eff88f694b33a9c6d19"},
    {file = "Pillow-10.0.1-cp310-cp310-manylinux_2_28_aarch64.whl", hash = "sha256:186f7e04248103482ea6354af6d5bcedb62941ee08f7f788a1c7707bc720c66f"},
    {file = "Pillow-10.0.1-cp310-cp310-manylinux_2_28_x86_64.whl", hash = "sha256:0462b1496505a3462d0f35dc1c4d7b54069747d65d00ef48e736acda2c8cbdff"},
    {file = "Pillow-10.0.1-cp310-cp310-musllinux_1_1_aarch64.whl", hash = "sha256:d889b53ae2f030f756e61a7bff13684dcd77e9af8b10c6048fb2c559d6ed6eaf"},
    {file = "Pillow-10.0.1-cp310-cp310-musllinux_1_1_x86_64.whl", hash = "sha256:552912dbca585b74d75279a7570dd29fa43b6d93594abb494ebb31ac19ace6bd"},
    {file = "Pillow-10.0.1-cp310-cp310-win_amd64.whl", hash = "sha256:787bb0169d2385a798888e1122c980c6eff26bf941a8ea79747d35d8f9210ca0"},
    {file = "Pillow-10.0.1-cp311-cp311-macosx_10_10_x86_64.whl", hash = "sha256:fd2a5403a75b54661182b75ec6132437a181209b901446ee5724b589af8edef1"},
    {file = "Pillow-10.0.1-cp311-cp311-macosx_11_0_arm64.whl", hash = "sha256:2d7e91b4379f7a76b31c2dda84ab9e20c6220488e50f7822e59dac36b0cd92b1"},
    {file = "Pillow-10.0.1-cp311-cp311-manylinux_2_17_aarch64.manylinux2014_aarch64.whl", hash = "sha256:19e9adb3f22d4c416e7cd79b01375b17159d6990003633ff1d8377e21b7f1b21"},
    {file = "Pillow-10.0.1-cp311-cp311-manylinux_2_17_x86_64.manylinux2014_x86_64.whl", hash = "sha256:93139acd8109edcdeffd85e3af8ae7d88b258b3a1e13a038f542b79b6d255c54"},
    {file = "Pillow-10.0.1-cp311-cp311-manylinux_2_28_aarch64.whl", hash = "sha256:92a23b0431941a33242b1f0ce6c88a952e09feeea9af4e8be48236a68ffe2205"},
    {file = "Pillow-10.0.1-cp311-cp311-manylinux_2_28_x86_64.whl", hash = "sha256:cbe68deb8580462ca0d9eb56a81912f59eb4542e1ef8f987405e35a0179f4ea2"},
    {file = "Pillow-10.0.1-cp311-cp311-musllinux_1_1_aarch64.whl", hash = "sha256:522ff4ac3aaf839242c6f4e5b406634bfea002469656ae8358644fc6c4856a3b"},
    {file = "Pillow-10.0.1-cp311-cp311-musllinux_1_1_x86_64.whl", hash = "sha256:84efb46e8d881bb06b35d1d541aa87f574b58e87f781cbba8d200daa835b42e1"},
    {file = "Pillow-10.0.1-cp311-cp311-win_amd64.whl", hash = "sha256:898f1d306298ff40dc1b9ca24824f0488f6f039bc0e25cfb549d3195ffa17088"},
    {file = "Pillow-10.0.1-cp312-cp312-macosx_10_10_x86_64.whl", hash = "sha256:bcf1207e2f2385a576832af02702de104be71301c2696d0012b1b93fe34aaa5b"},
    {file = "Pillow-10.0.1-cp312-cp312-macosx_11_0_arm64.whl", hash = "sha256:5d6c9049c6274c1bb565021367431ad04481ebb54872edecfcd6088d27edd6ed"},
    {file = "Pillow-10.0.1-cp312-cp312-manylinux_2_17_aarch64.manylinux2014_aarch64.whl", hash = "sha256:28444cb6ad49726127d6b340217f0627abc8732f1194fd5352dec5e6a0105635"},
    {file = "Pillow-10.0.1-cp312-cp312-manylinux_2_17_x86_64.manylinux2014_x86_64.whl", hash = "sha256:de596695a75496deb3b499c8c4f8e60376e0516e1a774e7bc046f0f48cd620ad"},
    {file = "Pillow-10.0.1-cp312-cp312-manylinux_2_28_aarch64.whl", hash = "sha256:2872f2d7846cf39b3dbff64bc1104cc48c76145854256451d33c5faa55c04d1a"},
    {file = "Pillow-10.0.1-cp312-cp312-manylinux_2_28_x86_64.whl", hash = "sha256:4ce90f8a24e1c15465048959f1e94309dfef93af272633e8f37361b824532e91"},
    {file = "Pillow-10.0.1-cp312-cp312-musllinux_1_1_aarch64.whl", hash = "sha256:ee7810cf7c83fa227ba9125de6084e5e8b08c59038a7b2c9045ef4dde61663b4"},
    {file = "Pillow-10.0.1-cp312-cp312-musllinux_1_1_x86_64.whl", hash = "sha256:b1be1c872b9b5fcc229adeadbeb51422a9633abd847c0ff87dc4ef9bb184ae08"},
    {file = "Pillow-10.0.1-cp312-cp312-win_amd64.whl", hash = "sha256:98533fd7fa764e5f85eebe56c8e4094db912ccbe6fbf3a58778d543cadd0db08"},
    {file = "Pillow-10.0.1-cp38-cp38-macosx_10_10_x86_64.whl", hash = "sha256:764d2c0daf9c4d40ad12fbc0abd5da3af7f8aa11daf87e4fa1b834000f4b6b0a"},
    {file = "Pillow-10.0.1-cp38-cp38-macosx_11_0_arm64.whl", hash = "sha256:fcb59711009b0168d6ee0bd8fb5eb259c4ab1717b2f538bbf36bacf207ef7a68"},
    {file = "Pillow-10.0.1-cp38-cp38-manylinux_2_17_aarch64.manylinux2014_aarch64.whl", hash = "sha256:697a06bdcedd473b35e50a7e7506b1d8ceb832dc238a336bd6f4f5aa91a4b500"},
    {file = "Pillow-10.0.1-cp38-cp38-manylinux_2_17_x86_64.manylinux2014_x86_64.whl", hash = "sha256:9f665d1e6474af9f9da5e86c2a3a2d2d6204e04d5af9c06b9d42afa6ebde3f21"},
    {file = "Pillow-10.0.1-cp38-cp38-manylinux_2_28_aarch64.whl", hash = "sha256:2fa6dd2661838c66f1a5473f3b49ab610c98a128fc08afbe81b91a1f0bf8c51d"},
    {file = "Pillow-10.0.1-cp38-cp38-manylinux_2_28_x86_64.whl", hash = "sha256:3a04359f308ebee571a3127fdb1bd01f88ba6f6fb6d087f8dd2e0d9bff43f2a7"},
    {file = "Pillow-10.0.1-cp38-cp38-musllinux_1_1_aarch64.whl", hash = "sha256:723bd25051454cea9990203405fa6b74e043ea76d4968166dfd2569b0210886a"},
    {file = "Pillow-10.0.1-cp38-cp38-musllinux_1_1_x86_64.whl", hash = "sha256:71671503e3015da1b50bd18951e2f9daf5b6ffe36d16f1eb2c45711a301521a7"},
    {file = "Pillow-10.0.1-cp38-cp38-win_amd64.whl", hash = "sha256:44e7e4587392953e5e251190a964675f61e4dae88d1e6edbe9f36d6243547ff3"},
    {file = "Pillow-10.0.1-cp39-cp39-macosx_10_10_x86_64.whl", hash = "sha256:3855447d98cced8670aaa63683808df905e956f00348732448b5a6df67ee5849"},
    {file = "Pillow-10.0.1-cp39-cp39-macosx_11_0_arm64.whl", hash = "sha256:ed2d9c0704f2dc4fa980b99d565c0c9a543fe5101c25b3d60488b8ba80f0cce1"},
    {file = "Pillow-10.0.1-cp39-cp39-manylinux_2_17_aarch64.manylinux2014_aarch64.whl", hash = "sha256:f5bb289bb835f9fe1a1e9300d011eef4d69661bb9b34d5e196e5e82c4cb09b37"},
    {file = "Pillow-10.0.1-cp39-cp39-manylinux_2_17_x86_64.manylinux2014_x86_64.whl", hash = "sha256:3a0d3e54ab1df9df51b914b2233cf779a5a10dfd1ce339d0421748232cea9876"},
    {file = "Pillow-10.0.1-cp39-cp39-manylinux_2_28_aarch64.whl", hash = "sha256:2cc6b86ece42a11f16f55fe8903595eff2b25e0358dec635d0a701ac9586588f"},
    {file = "Pillow-10.0.1-cp39-cp39-manylinux_2_28_x86_64.whl", hash = "sha256:ca26ba5767888c84bf5a0c1a32f069e8204ce8c21d00a49c90dabeba00ce0145"},
    {file = "Pillow-10.0.1-cp39-cp39-musllinux_1_1_aarch64.whl", hash = "sha256:f0b4b06da13275bc02adfeb82643c4a6385bd08d26f03068c2796f60d125f6f2"},
    {file = "Pillow-10.0.1-cp39-cp39-musllinux_1_1_x86_64.whl", hash = "sha256:bc2e3069569ea9dbe88d6b8ea38f439a6aad8f6e7a6283a38edf61ddefb3a9bf"},
    {file = "Pillow-10.0.1-cp39-cp39-win_amd64.whl", hash = "sha256:8b451d6ead6e3500b6ce5c7916a43d8d8d25ad74b9102a629baccc0808c54971"},
    {file = "Pillow-10.0.1-pp310-pypy310_pp73-macosx_10_10_x86_64.whl", hash = "sha256:32bec7423cdf25c9038fef614a853c9d25c07590e1a870ed471f47fb80b244db"},
    {file = "Pillow-10.0.1-pp310-pypy310_pp73-manylinux_2_17_x86_64.manylinux2014_x86_64.whl", hash = "sha256:b7cf63d2c6928b51d35dfdbda6f2c1fddbe51a6bc4a9d4ee6ea0e11670dd981e"},
    {file = "Pillow-10.0.1-pp310-pypy310_pp73-manylinux_2_28_x86_64.whl", hash = "sha256:f6d3d4c905e26354e8f9d82548475c46d8e0889538cb0657aa9c6f0872a37aa4"},
    {file = "Pillow-10.0.1-pp310-pypy310_pp73-win_amd64.whl", hash = "sha256:847e8d1017c741c735d3cd1883fa7b03ded4f825a6e5fcb9378fd813edee995f"},
    {file = "Pillow-10.0.1-pp39-pypy39_pp73-macosx_10_10_x86_64.whl", hash = "sha256:7f771e7219ff04b79e231d099c0a28ed83aa82af91fd5fa9fdb28f5b8d5addaf"},
    {file = "Pillow-10.0.1-pp39-pypy39_pp73-manylinux_2_17_x86_64.manylinux2014_x86_64.whl", hash = "sha256:459307cacdd4138edee3875bbe22a2492519e060660eaf378ba3b405d1c66317"},
    {file = "Pillow-10.0.1-pp39-pypy39_pp73-manylinux_2_28_x86_64.whl", hash = "sha256:b059ac2c4c7a97daafa7dc850b43b2d3667def858a4f112d1aa082e5c3d6cf7d"},
    {file = "Pillow-10.0.1-pp39-pypy39_pp73-win_amd64.whl", hash = "sha256:d6caf3cd38449ec3cd8a68b375e0c6fe4b6fd04edb6c9766b55ef84a6e8ddf2d"},
    {file = "Pillow-10.0.1.tar.gz", hash = "sha256:d72967b06be9300fed5cfbc8b5bafceec48bf7cdc7dab66b1d2549035287191d"},
]

[package.extras]
docs = ["furo", "olefile", "sphinx (>=2.4)", "sphinx-copybutton", "sphinx-inline-tabs", "sphinx-removed-in", "sphinxext-opengraph"]
tests = ["check-manifest", "coverage", "defusedxml", "markdown2", "olefile", "packaging", "pyroma", "pytest", "pytest-cov", "pytest-timeout"]

[[package]]
name = "six"
version = "1.16.0"
description = "Python 2 and 3 compatibility utilities"
optional = true
python-versions = ">=2.7, !=3.0.*, !=3.1.*, !=3.2.*"
files = [
    {file = "six-1.16.0-py2.py3-none-any.whl", hash = "sha256:8abb2f1d86890a2dfb989f9a77cfcfd3e47c2a354b01111771326f8aa26e0254"},
    {file = "six-1.16.0.tar.gz", hash = "sha256:1e61c37477a1626458e36f7b1d82aa5c9b094fa4802892072e49de9c60c4c926"},
]

[[package]]
name = "sv-ttk"
version = "2.5.5"
description = "A gorgeous theme for Tkinter, based on Windows 11's UI"
optional = true
python-versions = ">=3.7"
files = [
    {file = "sv_ttk-2.5.5-py3-none-any.whl", hash = "sha256:49d1cd03c032728c183d1fe2318f88cdb658ef3e87157e1ca3fcf6661054965b"},
    {file = "sv_ttk-2.5.5.tar.gz", hash = "sha256:9bbfe2aba6cc6f9fdf70d79331046543c9666fcccc78bad5ff648a9987e3cedb"},
]

[[package]]
name = "tklinenums"
version = "1.7.1"
description = "A simple Tkinter widget for displaying line numbers"
optional = true
python-versions = "*"
files = [
    {file = "tklinenums-1.7.1-py3-none-any.whl", hash = "sha256:66e45df7eac4630055a23ea34d13f36ab53191f5e03e03eb564ffd94e7298867"},
    {file = "tklinenums-1.7.1.tar.gz", hash = "sha256:cbe870588c427cf61b301b0791562ff3e7159a037079ffd2727636e8e27c226b"},
]

[[package]]
name = "wxpython"
version = "4.2.1"
description = "Cross platform GUI toolkit for Python, \"Phoenix\" version"
optional = true
python-versions = "*"
files = [
    {file = "wxPython-4.2.1-cp310-cp310-macosx_10_10_universal2.whl", hash = "sha256:3fd606d10db694c29f712f13dc3d3179d0204a71f6c1fbb5fcee859d03e9ff97"},
    {file = "wxPython-4.2.1-cp310-cp310-win32.whl", hash = "sha256:5b233c39d7bfb53b9c4928ee7c86d626f1f7a716a6dfc3acc152bb437e658751"},
    {file = "wxPython-4.2.1-cp310-cp310-win_amd64.whl", hash = "sha256:bb7988814e706eb00792589d606d317da5661dcffbb09263cd20da956c46bcbb"},
    {file = "wxPython-4.2.1-cp311-cp311-macosx_10_10_universal2.whl", hash = "sha256:e87960d1963e291d4009c8547c85716b7d5325eb828cd183fdb28d441d6c3787"},
    {file = "wxPython-4.2.1-cp311-cp311-win32.whl", hash = "sha256:a41f3e03c3bfbe80864d7456f5c1236991fa937eedb60b986bd67e1bb47b7c3d"},
    {file = "wxPython-4.2.1-cp311-cp311-win_amd64.whl", hash = "sha256:3062b4d2f5d6dcf1d59983797fc067270a5ce829a918d52a516212e798f0c9ae"},
    {file = "wxPython-4.2.1-cp312-cp312-macosx_10_10_universal2.whl", hash = "sha256:957a6e7cc68a8e4d7ca49c72a691b6efd5684040f4f03b112d0122e7ab470497"},
    {file = "wxPython-4.2.1-cp312-cp312-win32.whl", hash = "sha256:8d846a785cd33c31e7eb42038eb159c88977d38208496b8322d14aef107f3eec"},
    {file = "wxPython-4.2.1-cp312-cp312-win_amd64.whl", hash = "sha256:1ca327c877f276b33e2c4b6cb8417964305ee505e2509fb2000851d48b82328f"},
    {file = "wxPython-4.2.1-cp38-cp38-macosx_11_0_universal2.whl", hash = "sha256:a7eefbc7fe7ac86479d814302711f8f118ba214229aa2a6d789fb888ee79abaa"},
    {file = "wxPython-4.2.1-cp38-cp38-win32.whl", hash = "sha256:ff0423e84a5aaa203e7c1c3d36f8417c54cb4cd8849a43b3c917ac3bfafa4ad7"},
    {file = "wxPython-4.2.1-cp38-cp38-win_amd64.whl", hash = "sha256:903f45131107802b38c0b5d0e964a2ce0295b67e8c3d7659821ac5b26a35658b"},
    {file = "wxPython-4.2.1-cp39-cp39-macosx_10_10_universal2.whl", hash = "sha256:a15b76dad81f9bd6ceadf00fbede9aff9e09859a9aa698c53e8bd56b95d2effc"},
    {file = "wxPython-4.2.1-cp39-cp39-win32.whl", hash = "sha256:c4db6d7f054d76cb1532dbd5da81b87b7a90dc9fdf18a3540063b2f8f5f3e663"},
    {file = "wxPython-4.2.1-cp39-cp39-win_amd64.whl", hash = "sha256:0595fdd133a552a232a99759b87891136a4500c806bbea68b888e7b6f2c9bbea"},
    {file = "wxPython-4.2.1.tar.gz", hash = "sha256:e48de211a6606bf072ec3fa778771d6b746c00b7f4b970eb58728ddf56d13d5c"},
]

[package.dependencies]
numpy = {version = "*", markers = "python_version >= \"3.0\" and python_version < \"3.12\""}
pillow = "*"
six = "*"

[[package]]
name = "zipp"
version = "3.16.2"
description = "Backport of pathlib-compatible object wrapper for zip files"
optional = false
python-versions = ">=3.8"
files = [
    {file = "zipp-3.16.2-py3-none-any.whl", hash = "sha256:679e51dd4403591b2d6838a48de3d283f3d188412a9782faadf845f298736ba0"},
    {file = "zipp-3.16.2.tar.gz", hash = "sha256:ebc15946aa78bd63458992fc81ec3b6f7b1e92d51c35e6de1c3804e73b799147"},
]

[package.extras]
docs = ["furo", "jaraco.packaging (>=9.3)", "jaraco.tidelift (>=1.4)", "rst.linker (>=1.9)", "sphinx (>=3.5)", "sphinx-lint"]
testing = ["big-O", "jaraco.functools", "jaraco.itertools", "more-itertools", "pytest (>=6)", "pytest-black (>=0.3.7)", "pytest-checkdocs (>=2.4)", "pytest-cov", "pytest-enabler (>=2.2)", "pytest-ignore-flaky", "pytest-mypy (>=0.9.1)", "pytest-ruff"]

[extras]
all = ["commented-configparser", "darkdetect", "sv-ttk", "wxPython"]
autocolor = ["darkdetect"]
tkinter = ["sv-ttk", "tklinenums"]
wx = ["wxPython"]

[metadata]
lock-version = "2.0"
python-versions = "^3.8"
content-hash = "b430b0cf63e48f0b4e65340f483814a2493f836a59a188696dc9eab0adbf8268"
